
Microsoft Visual Studio Solution File, Format Version 12.00
# Visual Studio Version 17
VisualStudioVersion = 17.8.34322.80
MinimumVisualStudioVersion = 10.0.40219.1
Project("{FAE04EC0-301F-11D3-BF4B-00C04F79EFBC}") = "PicMoverEasy", "PicMoverEasy.csproj", "{13B97CE0-EC7C-450D-B08A-7A3BA7BA31E2}"
EndProject
Global
	GlobalSection(SolutionConfigurationPlatforms) = preSolution
		Debug|Any CPU = Debug|Any CPU
		Release|Any CPU = Release|Any CPU
	EndGlobalSection
	GlobalSection(ProjectConfigurationPlatforms) = postSolution
		{13B97CE0-EC7C-450D-B08A-7A3BA7BA31E2}.Debug|Any CPU.ActiveCfg = Debug|Any CPU
		{13B97CE0-EC7C-450D-B08A-7A3BA7BA31E2}.Debug|Any CPU.Build.0 = Debug|Any CPU
		{13B97CE0-EC7C-450D-B08A-7A3BA7BA31E2}.Release|Any CPU.ActiveCfg = Release|Any CPU
		{13B97CE0-EC7C-450D-B08A-7A3BA7BA31E2}.Release|Any CPU.Build.0 = Release|Any CPU
	EndGlobalSection
	GlobalSection(SolutionProperties) = preSolution
		HideSolutionNode = FALSE
	EndGlobalSection
	GlobalSection(ExtensibilityGlobals) = postSolution
		SolutionGuid = {1A6DDEA1-37FD-4AED-AA5C-7BF527F8A80C}
	EndGlobalSection
EndGlobal
